// !$*UTF8*$!
{
	archiveVersion = 1;
	classes = {
	};
	objectVersion = 56;
	objects = {

/* Begin PBXBuildFile section */
		2F660F152CAC0E5B00FFED34 /* LandmarksClient.swift in Sources */ = {isa = PBXBuildFile; fileRef = 2F660F142CAC0E5B00FFED34 /* LandmarksClient.swift */; };
		2F660F172CAC0E6700FFED34 /* Landmark.swift in Sources */ = {isa = PBXBuildFile; fileRef = 2F660F162CAC0E6700FFED34 /* Landmark.swift */; };
		2F660F192CAC0E7100FFED34 /* LandmarksViewModel.swift in Sources */ = {isa = PBXBuildFile; fileRef = 2F660F182CAC0E7100FFED34 /* LandmarksViewModel.swift */; };
		2F660F1B2CAC0F6600FFED34 /* HomeView.swift in Sources */ = {isa = PBXBuildFile; fileRef = 2F660F1A2CAC0F6600FFED34 /* HomeView.swift */; };
		2F660F1D2CAC2B2C00FFED34 /* ProgressiveBlurView.swift in Sources */ = {isa = PBXBuildFile; fileRef = 2F660F1C2CAC2B2C00FFED34 /* ProgressiveBlurView.swift */; };
		2F660F1F2CAC32AA00FFED34 /* CardView.swift in Sources */ = {isa = PBXBuildFile; fileRef = 2F660F1E2CAC32AA00FFED34 /* CardView.swift */; };
		2F660F212CAC32D100FFED34 /* CustomScrollTarget.swift in Sources */ = {isa = PBXBuildFile; fileRef = 2F660F202CAC32D100FFED34 /* CustomScrollTarget.swift */; };
		2FB43A3B2CAC0DCA00014130 /* ExpandableSearchBarApp.swift in Sources */ = {isa = PBXBuildFile; fileRef = 2FB43A3A2CAC0DCA00014130 /* ExpandableSearchBarApp.swift */; };
		2FB43A3D2CAC0DCA00014130 /* ContentView.swift in Sources */ = {isa = PBXBuildFile; fileRef = 2FB43A3C2CAC0DCA00014130 /* ContentView.swift */; };
		2FB43A3F2CAC0DCB00014130 /* Assets.xcassets in Resources */ = {isa = PBXBuildFile; fileRef = 2FB43A3E2CAC0DCB00014130 /* Assets.xcassets */; };
		2FB43A422CAC0DCB00014130 /* Preview Assets.xcassets in Resources */ = {isa = PBXBuildFile; fileRef = 2FB43A412CAC0DCB00014130 /* Preview Assets.xcassets */; };
/* End PBXBuildFile section */

/* Begin PBXFileReference section */
		2F660F142CAC0E5B00FFED34 /* LandmarksClient.swift */ = {isa = PBXFileReference; lastKnownFileType = sourcecode.swift; path = LandmarksClient.swift; sourceTree = "<group>"; };
		2F660F162CAC0E6700FFED34 /* Landmark.swift */ = {isa = PBXFileReference; lastKnownFileType = sourcecode.swift; path = Landmark.swift; sourceTree = "<group>"; };
		2F660F182CAC0E7100FFED34 /* LandmarksViewModel.swift */ = {isa = PBXFileReference; lastKnownFileType = sourcecode.swift; path = LandmarksViewModel.swift; sourceTree = "<group>"; };
		2F660F1A2CAC0F6600FFED34 /* HomeView.swift */ = {isa = PBXFileReference; lastKnownFileType = sourcecode.swift; path = HomeView.swift; sourceTree = "<group>"; };
		2F660F1C2CAC2B2C00FFED34 /* ProgressiveBlurView.swift */ = {isa = PBXFileReference; lastKnownFileType = sourcecode.swift; path = ProgressiveBlurView.swift; sourceTree = "<group>"; };
		2F660F1E2CAC32AA00FFED34 /* CardView.swift */ = {isa = PBXFileReference; lastKnownFileType = sourcecode.swift; path = CardView.swift; sourceTree = "<group>"; };
		2F660F202CAC32D100FFED34 /* CustomScrollTarget.swift */ = {isa = PBXFileReference; lastKnownFileType = sourcecode.swift; path = CustomScrollTarget.swift; sourceTree = "<group>"; };
		2FB43A372CAC0DCA00014130 /* ExpandableSearchBar.app */ = {isa = PBXFileReference; explicitFileType = wrapper.application; includeInIndex = 0; path = ExpandableSearchBar.app; sourceTree = BUILT_PRODUCTS_DIR; };
		2FB43A3A2CAC0DCA00014130 /* ExpandableSearchBarApp.swift */ = {isa = PBXFileReference; lastKnownFileType = sourcecode.swift; path = ExpandableSearchBarApp.swift; sourceTree = "<group>"; };
		2FB43A3C2CAC0DCA00014130 /* ContentView.swift */ = {isa = PBXFileReference; lastKnownFileType = sourcecode.swift; path = ContentView.swift; sourceTree = "<group>"; };
		2FB43A3E2CAC0DCB00014130 /* Assets.xcassets */ = {isa = PBXFileReference; lastKnownFileType = folder.assetcatalog; path = Assets.xcassets; sourceTree = "<group>"; };
		2FB43A412CAC0DCB00014130 /* Preview Assets.xcassets */ = {isa = PBXFileReference; lastKnownFileType = folder.assetcatalog; path = "Preview Assets.xcassets"; sourceTree = "<group>"; };
/* End PBXFileReference section */

/* Begin PBXFrameworksBuildPhase section */
		2FB43A342CAC0DCA00014130 /* Frameworks */ = {
			isa = PBXFrameworksBuildPhase;
			buildActionMask = 2147483647;
			files = (
			);
			runOnlyForDeploymentPostprocessing = 0;
		};
/* End PBXFrameworksBuildPhase section */

/* Begin PBXGroup section */
		2FB43A2E2CAC0DCA00014130 = {
			isa = PBXGroup;
			children = (
				2FB43A392CAC0DCA00014130 /* ExpandableSearchBar */,
				2FB43A382CAC0DCA00014130 /* Products */,
			);
			sourceTree = "<group>";
		};
		2FB43A382CAC0DCA00014130 /* Products */ = {
			isa = PBXGroup;
			children = (
				2FB43A372CAC0DCA00014130 /* ExpandableSearchBar.app */,
			);
			name = Products;
			sourceTree = "<group>";
		};
		2FB43A392CAC0DCA00014130 /* ExpandableSearchBar */ = {
			isa = PBXGroup;
			children = (
				2F660F202CAC32D100FFED34 /* CustomScrollTarget.swift */,
				2F660F1E2CAC32AA00FFED34 /* CardView.swift */,
				2F660F182CAC0E7100FFED34 /* LandmarksViewModel.swift */,
				2F660F162CAC0E6700FFED34 /* Landmark.swift */,
				2F660F142CAC0E5B00FFED34 /* LandmarksClient.swift */,
				2FB43A3A2CAC0DCA00014130 /* ExpandableSearchBarApp.swift */,
				2FB43A3C2CAC0DCA00014130 /* ContentView.swift */,
				2F660F1A2CAC0F6600FFED34 /* HomeView.swift */,
				2FB43A3E2CAC0DCB00014130 /* Assets.xcassets */,
				2FB43A402CAC0DCB00014130 /* Preview Content */,
				2F660F1C2CAC2B2C00FFED34 /* ProgressiveBlurView.swift */,
			);
			path = ExpandableSearchBar;
			sourceTree = "<group>";
		};
		2FB43A402CAC0DCB00014130 /* Preview Content */ = {
			isa = PBXGroup;
			children = (
				2FB43A412CAC0DCB00014130 /* Preview Assets.xcassets */,
			);
			path = "Preview Content";
			sourceTree = "<group>";
		};
/* End PBXGroup section */

/* Begin PBXNativeTarget section */
		2FB43A362CAC0DCA00014130 /* ExpandableSearchBar */ = {
			isa = PBXNativeTarget;
			buildConfigurationList = 2FB43A452CAC0DCB00014130 /* Build configuration list for PBXNativeTarget "ExpandableSearchBar" */;
			buildPhases = (
				2FB43A332CAC0DCA00014130 /* Sources */,
				2FB43A342CAC0DCA00014130 /* Frameworks */,
				2FB43A352CAC0DCA00014130 /* Resources */,
			);
			buildRules = (
			);
			dependencies = (
			);
			name = ExpandableSearchBar;
			productName = ExpandableSearchBar;
			productReference = 2FB43A372CAC0DCA00014130 /* ExpandableSearchBar.app */;
			productType = "com.apple.product-type.application";
		};
/* End PBXNativeTarget section */

/* Begin PBXProject section */
		2FB43A2F2CAC0DCA00014130 /* Project object */ = {
			isa = PBXProject;
			attributes = {
				BuildIndependentTargetsInParallel = 1;
				LastSwiftUpdateCheck = 1540;
				LastUpgradeCheck = 1540;
				TargetAttributes = {
					2FB43A362CAC0DCA00014130 = {
						CreatedOnToolsVersion = 15.4;
					};
				};
			};
			buildConfigurationList = 2FB43A322CAC0DCA00014130 /* Build configuration list for PBXProject "ExpandableSearchBar" */;
			compatibilityVersion = "Xcode 14.0";
			developmentRegion = en;
			hasScannedForEncodings = 0;
			knownRegions = (
				en,
				Base,
			);
			mainGroup = 2FB43A2E2CAC0DCA00014130;
			productRefGroup = 2FB43A382CAC0DCA00014130 /* Products */;
			projectDirPath = "";
			projectRoot = "";
			targets = (
				2FB43A362CAC0DCA00014130 /* ExpandableSearchBar */,
			);
		};
/* End PBXProject section */

/* Begin PBXResourcesBuildPhase section */
		2FB43A352CAC0DCA00014130 /* Resources */ = {
			isa = PBXResourcesBuildPhase;
			buildActionMask = 2147483647;
			files = (
				2FB43A422CAC0DCB00014130 /* Preview Assets.xcassets in Resources */,
				2FB43A3F2CAC0DCB00014130 /* Assets.xcassets in Resources */,
			);
			runOnlyForDeploymentPostprocessing = 0;
		};
/* End PBXResourcesBuildPhase section */

/* Begin PBXSourcesBuildPhase section */
		2FB43A332CAC0DCA00014130 /* Sources */ = {
			isa = PBXSourcesBuildPhase;
			buildActionMask = 2147483647;
			files = (
				2F660F152CAC0E5B00FFED34 /* LandmarksClient.swift in Sources */,
				2F660F1D2CAC2B2C00FFED34 /* ProgressiveBlurView.swift in Sources */,
				2FB43A3D2CAC0DCA00014130 /* ContentView.swift in Sources */,
				2F660F192CAC0E7100FFED34 /* LandmarksViewModel.swift in Sources */,
				2F660F1B2CAC0F6600FFED34 /* HomeView.swift in Sources */,
				2FB43A3B2CAC0DCA00014130 /* ExpandableSearchBarApp.swift in Sources */,
				2F660F212CAC32D100FFED34 /* CustomScrollTarget.swift in Sources */,
				2F660F1F2CAC32AA00FFED34 /* CardView.swift in Sources */,
				2F660F172CAC0E6700FFED34 /* Landmark.swift in Sources */,
			);
			runOnlyForDeploymentPostprocessing = 0;
		};
/* End PBXSourcesBuildPhase section */

/* Begin XCBuildConfiguration section */
		2FB43A432CAC0DCB00014130 /* Debug */ = {
			isa = XCBuildConfiguration;
			buildSettings = {
				ALWAYS_SEARCH_USER_PATHS = NO;
				ASSETCATALOG_COMPILER_GENERATE_SWIFT_ASSET_SYMBOL_EXTENSIONS = YES;
				CLANG_ANALYZER_NONNULL = YES;
				CLANG_ANALYZER_NUMBER_OBJECT_CONVERSION = YES_AGGRESSIVE;
				CLANG_CXX_LANGUAGE_STANDARD = "gnu++20";
				CLANG_ENABLE_MODULES = YES;
				CLANG_ENABLE_OBJC_ARC = YES;
				CLANG_ENABLE_OBJC_WEAK = YES;
				CLANG_WARN_BLOCK_CAPTURE_AUTORELEASING = YES;
				CLANG_WARN_BOOL_CONVERSION = YES;
				CLANG_WARN_COMMA = YES;
				CLANG_WARN_CONSTANT_CONVERSION = YES;
				CLANG_WARN_DEPRECATED_OBJC_IMPLEMENTATIONS = YES;
				CLANG_WARN_DIRECT_OBJC_ISA_USAGE = YES_ERROR;
				CLANG_WARN_DOCUMENTATION_COMMENTS = YES;
				CLANG_WARN_EMPTY_BODY = YES;
				CLANG_WARN_ENUM_CONVERSION = YES;
				CLANG_WARN_INFINITE_RECURSION = YES;
				CLANG_WARN_INT_CONVERSION = YES;
				CLANG_WARN_NON_LITERAL_NULL_CONVERSION = YES;
				CLANG_WARN_OBJC_IMPLICIT_RETAIN_SELF = YES;
				CLANG_WARN_OBJC_LITERAL_CONVERSION = YES;
				CLANG_WARN_OBJC_ROOT_CLASS = YES_ERROR;
				CLANG_WARN_QUOTED_INCLUDE_IN_FRAMEWORK_HEADER = YES;
				CLANG_WARN_RANGE_LOOP_ANALYSIS = YES;
				CLANG_WARN_STRICT_PROTOTYPES = YES;
				CLANG_WARN_SUSPICIOUS_MOVE = YES;
				CLANG_WARN_UNGUARDED_AVAILABILITY = YES_AGGRESSIVE;
				CLANG_WARN_UNREACHABLE_CODE = YES;
				CLANG_WARN__DUPLICATE_METHOD_MATCH = YES;
				COPY_PHASE_STRIP = NO;
				DEBUG_INFORMATION_FORMAT = dwarf;
				ENABLE_STRICT_OBJC_MSGSEND = YES;
				ENABLE_TESTABILITY = YES;
				ENABLE_USER_SCRIPT_SANDBOXING = YES;
				GCC_C_LANGUAGE_STANDARD = gnu17;
				GCC_DYNAMIC_NO_PIC = NO;
				GCC_NO_COMMON_BLOCKS = YES;
				GCC_OPTIMIZATION_LEVEL = 0;
				GCC_PREPROCESSOR_DEFINITIONS = (
					"DEBUG=1",
					"$(inherited)",
				);
				GCC_WARN_64_TO_32_BIT_CONVERSION = YES;
				GCC_WARN_ABOUT_RETURN_TYPE = YES_ERROR;
				GCC_WARN_UNDECLARED_SELECTOR = YES;
				GCC_WARN_UNINITIALIZED_AUTOS = YES_AGGRESSIVE;
				GCC_WARN_UNUSED_FUNCTION = YES;
				GCC_WARN_UNUSED_VARIABLE = YES;
				IPHONEOS_DEPLOYMENT_TARGET = 18.0;
				LOCALIZATION_PREFERS_STRING_CATALOGS = YES;
				MTL_ENABLE_DEBUG_INFO = INCLUDE_SOURCE;
				MTL_FAST_MATH = YES;
				ONLY_ACTIVE_ARCH = YES;
				SDKROOT = iphoneos;
				SWIFT_ACTIVE_COMPILATION_CONDITIONS = "DEBUG $(inherited)";
				SWIFT_OPTIMIZATION_LEVEL = "-Onone";
			};
			name = Debug;
		};
		2FB43A442CAC0DCB00014130 /* Release */ = {
			isa = XCBuildConfiguration;
			buildSettings = {
				ALWAYS_SEARCH_USER_PATHS = NO;
				ASSETCATALOG_COMPILER_GENERATE_SWIFT_ASSET_SYMBOL_EXTENSIONS = YES;
				CLANG_ANALYZER_NONNULL = YES;
				CLANG_ANALYZER_NUMBER_OBJECT_CONVERSION = YES_AGGRESSIVE;
				CLANG_CXX_LANGUAGE_STANDARD = "gnu++20";
				CLANG_ENABLE_MODULES = YES;
				CLANG_ENABLE_OBJC_ARC = YES;
				CLANG_ENABLE_OBJC_WEAK = YES;
				CLANG_WARN_BLOCK_CAPTURE_AUTORELEASING = YES;
				CLANG_WARN_BOOL_CONVERSION = YES;
				CLANG_WARN_COMMA = YES;
				CLANG_WARN_CONSTANT_CONVERSION = YES;
				CLANG_WARN_DEPRECATED_OBJC_IMPLEMENTATIONS = YES;
				CLANG_WARN_DIRECT_OBJC_ISA_USAGE = YES_ERROR;
				CLANG_WARN_DOCUMENTATION_COMMENTS = YES;
				CLANG_WARN_EMPTY_BODY = YES;
				CLANG_WARN_ENUM_CONVERSION = YES;
				CLANG_WARN_INFINITE_RECURSION = YES;
				CLANG_WARN_INT_CONVERSION = YES;
				CLANG_WARN_NON_LITERAL_NULL_CONVERSION = YES;
				CLANG_WARN_OBJC_IMPLICIT_RETAIN_SELF = YES;
				CLANG_WARN_OBJC_LITERAL_CONVERSION = YES;
				CLANG_WARN_OBJC_ROOT_CLASS = YES_ERROR;
				CLANG_WARN_QUOTED_INCLUDE_IN_FRAMEWORK_HEADER = YES;
				CLANG_WARN_RANGE_LOOP_ANALYSIS = YES;
				CLANG_WARN_STRICT_PROTOTYPES = YES;
				CLANG_WARN_SUSPICIOUS_MOVE = YES;
				CLANG_WARN_UNGUARDED_AVAILABILITY = YES_AGGRESSIVE;
				CLANG_WARN_UNREACHABLE_CODE = YES;
				CLANG_WARN__DUPLICATE_METHOD_MATCH = YES;
				COPY_PHASE_STRIP = NO;
				DEBUG_INFORMATION_FORMAT = "dwarf-with-dsym";
				ENABLE_NS_ASSERTIONS = NO;
				ENABLE_STRICT_OBJC_MSGSEND = YES;
				ENABLE_USER_SCRIPT_SANDBOXING = YES;
				GCC_C_LANGUAGE_STANDARD = gnu17;
				GCC_NO_COMMON_BLOCKS = YES;
				GCC_WARN_64_TO_32_BIT_CONVERSION = YES;
				GCC_WARN_ABOUT_RETURN_TYPE = YES_ERROR;
				GCC_WARN_UNDECLARED_SELECTOR = YES;
				GCC_WARN_UNINITIALIZED_AUTOS = YES_AGGRESSIVE;
				GCC_WARN_UNUSED_FUNCTION = YES;
				GCC_WARN_UNUSED_VARIABLE = YES;
				IPHONEOS_DEPLOYMENT_TARGET = 18.0;
				LOCALIZATION_PREFERS_STRING_CATALOGS = YES;
				MTL_ENABLE_DEBUG_INFO = NO;
				MTL_FAST_MATH = YES;
				SDKROOT = iphoneos;
				SWIFT_COMPILATION_MODE = wholemodule;
				VALIDATE_PRODUCT = YES;
			};
			name = Release;
		};
		2FB43A462CAC0DCB00014130 /* Debug */ = {
			isa = XCBuildConfiguration;
			buildSettings = {
				ASSETCATALOG_COMPILER_APPICON_NAME = AppIcon;
				ASSETCATALOG_COMPILER_GLOBAL_ACCENT_COLOR_NAME = AccentColor;
				CODE_SIGN_STYLE = Automatic;
				CURRENT_PROJECT_VERSION = 1;
				DEVELOPMENT_ASSET_PATHS = "\"ExpandableSearchBar/Preview Content\"";
				ENABLE_PREVIEWS = YES;
				GENERATE_INFOPLIST_FILE = YES;
				INFOPLIST_KEY_UIApplicationSceneManifest_Generation = YES;
				INFOPLIST_KEY_UIApplicationSupportsIndirectInputEvents = YES;
				INFOPLIST_KEY_UILaunchScreen_Generation = YES;
				INFOPLIST_KEY_UISupportedInterfaceOrientations_iPad = "UIInterfaceOrientationPortrait UIInterfaceOrientationPortraitUpsideDown UIInterfaceOrientationLandscapeLeft UIInterfaceOrientationLandscapeRight";
				INFOPLIST_KEY_UISupportedInterfaceOrientations_iPhone = "UIInterfaceOrientationPortrait UIInterfaceOrientationLandscapeLeft UIInterfaceOrientationLandscapeRight";
				LD_RUNPATH_SEARCH_PATHS = (
					"$(inherited)",
					"@executable_path/Frameworks",
				);
				MARKETING_VERSION = 1.0;
				PRODUCT_BUNDLE_IDENTIFIER = com.rokonuddin.ExpandableSearchBar;
				PRODUCT_NAME = "$(TARGET_NAME)";
				SWIFT_EMIT_LOC_STRINGS = YES;
				SWIFT_VERSION = 5.0;
				TARGETED_DEVICE_FAMILY = "1,2";
			};
			name = Debug;
		};
		2FB43A472CAC0DCB00014130 /* Release */ = {
			isa = XCBuildConfiguration;
			buildSettings = {
				ASSETCATALOG_COMPILER_APPICON_NAME = AppIcon;
				ASSETCATALOG_COMPILER_GLOBAL_ACCENT_COLOR_NAME = AccentColor;
				CODE_SIGN_STYLE = Automatic;
				CURRENT_PROJECT_VERSION = 1;
				DEVELOPMENT_ASSET_PATHS = "\"ExpandableSearchBar/Preview Content\"";
				ENABLE_PREVIEWS = YES;
				GENERATE_INFOPLIST_FILE = YES;
				INFOPLIST_KEY_UIApplicationSceneManifest_Generation = YES;
				INFOPLIST_KEY_UIApplicationSupportsIndirectInputEvents = YES;
				INFOPLIST_KEY_UILaunchScreen_Generation = YES;
				INFOPLIST_KEY_UISupportedInterfaceOrientations_iPad = "UIInterfaceOrientationPortrait UIInterfaceOrientationPortraitUpsideDown UIInterfaceOrientationLandscapeLeft UIInterfaceOrientationLandscapeRight";
				INFOPLIST_KEY_UISupportedInterfaceOrientations_iPhone = "UIInterfaceOrientationPortrait UIInterfaceOrientationLandscapeLeft UIInterfaceOrientationLandscapeRight";
				LD_RUNPATH_SEARCH_PATHS = (
					"$(inherited)",
					"@executable_path/Frameworks",
				);
				MARKETING_VERSION = 1.0;
				PRODUCT_BUNDLE_IDENTIFIER = com.rokonuddin.ExpandableSearchBar;
				PRODUCT_NAME = "$(TARGET_NAME)";
				SWIFT_EMIT_LOC_STRINGS = YES;
				SWIFT_VERSION = 5.0;
				TARGETED_DEVICE_FAMILY = "1,2";
			};
			name = Release;
		};
/* End XCBuildConfiguration section */

/* Begin XCConfigurationList section */
		2FB43A322CAC0DCA00014130 /* Build configuration list for PBXProject "ExpandableSearchBar" */ = {
			isa = XCConfigurationList;
			buildConfigurations = (
				2FB43A432CAC0DCB00014130 /* Debug */,
				2FB43A442CAC0DCB00014130 /* Release */,
			);
			defaultConfigurationIsVisible = 0;
			defaultConfigurationName = Release;
		};
		2FB43A452CAC0DCB00014130 /* Build configuration list for PBXNativeTarget "ExpandableSearchBar" */ = {
			isa = XCConfigurationList;
			buildConfigurations = (
				2FB43A462CAC0DCB00014130 /* Debug */,
				2FB43A472CAC0DCB00014130 /* Release */,
			);
			defaultConfigurationIsVisible = 0;
			defaultConfigurationName = Release;
		};
/* End XCConfigurationList section */
	};
	rootObject = 2FB43A2F2CAC0DCA00014130 /* Project object */;
}
